
Microsoft Visual Studio Solution File, Format Version 12.00
# Visual Studio Version 16
VisualStudioVersion = 16.0.30621.155
MinimumVisualStudioVersion = 10.0.40219.1
Project("{FAE04EC0-301F-11D3-BF4B-00C04F79EFBC}") = "IntNode", "IntNode\IntNode.csproj", "{45459C1B-4417-4EB3-8CD1-F3AACBF0F6BB}"
EndProject
Global
	GlobalSection(SolutionConfigurationPlatforms) = preSolution
		Debug|Any CPU = Debug|Any CPU
		Release|Any CPU = Release|Any CPU
	EndGlobalSection
	GlobalSection(ProjectConfigurationPlatforms) = postSolution
		{45459C1B-4417-4EB3-8CD1-F3AACBF0F6BB}.Debug|Any CPU.ActiveCfg = Debug|Any CPU
		{45459C1B-4417-4EB3-8CD1-F3AACBF0F6BB}.Debug|Any CPU.Build.0 = Debug|Any CPU
		{45459C1B-4417-4EB3-8CD1-F3AACBF0F6BB}.Release|Any CPU.ActiveCfg = Release|Any CPU
		{45459C1B-4417-4EB3-8CD1-F3AACBF0F6BB}.Release|Any CPU.Build.0 = Release|Any CPU
	EndGlobalSection
	GlobalSection(SolutionProperties) = preSolution
		HideSolutionNode = FALSE
	EndGlobalSection
	GlobalSection(ExtensibilityGlobals) = postSolution
		SolutionGuid = {19B20A5C-63BF-45DC-B0F2-5E03CE685DDD}
	EndGlobalSection
EndGlobal
